PODS:
  - boost-for-react-native (1.63.0)
  - CocoaAsyncSocket (7.6.5)
  - DoubleConversion (1.1.6)
  - EXApplication (3.1.2):
    - UMCore
  - EXBlur (9.0.3):
    - UMCore
  - EXConstants (10.1.3):
    - UMConstantsInterface
    - UMCore
  - EXErrorRecovery (2.1.0):
    - UMCore
  - EXFileSystem (11.0.2):
    - UMCore
    - UMFileSystemInterface
  - EXFont (9.1.0):
    - UMCore
    - UMFontInterface
  - EXImageLoader (2.1.1):
    - React-Core
    - UMCore
    - UMImageLoaderInterface
  - EXKeepAwake (9.1.2):
    - UMCore
  - EXPermissions (12.0.1):
    - UMCore
    - UMPermissionsInterface
  - EXSplashScreen (0.10.2):
    - React-Core
    - UMCore
  - EXStructuredHeaders (1.0.1):
    - UMCore
  - EXUpdates (0.5.5):
    - EXStructuredHeaders
    - React-Core
    - UMCore
  - FBLazyVector (0.63.4)
  - FBReactNativeSpec (0.63.4):
    - Folly (= 2020.01.13.00)
    - RCTRequired (= 0.63.4)
    - RCTTypeSafety (= 0.63.4)
    - React-Core (= 0.63.4)
    - React-jsi (= 0.63.4)
    - ReactCommon/turbomodule/core (= 0.63.4)
  - Flipper (0.75.1):
    - Flipper-Folly (~> 2.5)
    - Flipper-RSocket (~> 1.3)
  - Flipper-DoubleConversion (1.1.7)
  - Flipper-Folly (2.5.3):
    - boost-for-react-native
    - Flipper-DoubleConversion
    - Flipper-Glog
    - libevent (~> 2.1.12)
    - OpenSSL-Universal (= 1.1.180)
  - Flipper-Glog (0.3.6)
  - Flipper-PeerTalk (0.0.4)
  - Flipper-RSocket (1.3.1):
    - Flipper-Folly (~> 2.5)
  - FlipperKit (0.75.1):
    - FlipperKit/Core (= 0.75.1)
  - FlipperKit/Core (0.75.1):
    - Flipper (~> 0.75.1)
    - FlipperKit/CppBridge
    - FlipperKit/FBCxxFollyDynamicConvert
    - FlipperKit/FBDefines
    - FlipperKit/FKPortForwarding
  - FlipperKit/CppBridge (0.75.1):
    - Flipper (~> 0.75.1)
  - FlipperKit/FBCxxFollyDynamicConvert (0.75.1):
    - Flipper-Folly (~> 2.5)
  - FlipperKit/FBDefines (0.75.1)
  - FlipperKit/FKPortForwarding (0.75.1):
    - CocoaAsyncSocket (~> 7.6)
    - Flipper-PeerTalk (~> 0.0.4)
  - FlipperKit/FlipperKitHighlightOverlay (0.75.1)
  - FlipperKit/FlipperKitLayoutPlugin (0.75.1):
    - FlipperKit/Core
    - FlipperKit/FlipperKitHighlightOverlay
    - FlipperKit/FlipperKitLayoutTextSearchable
    - YogaKit (~> 1.18)
  - FlipperKit/FlipperKitLayoutTextSearchable (0.75.1)
  - FlipperKit/FlipperKitNetworkPlugin (0.75.1):
    - FlipperKit/Core
  - FlipperKit/FlipperKitReactPlugin (0.75.1):
    - FlipperKit/Core
  - FlipperKit/FlipperKitUserDefaultsPlugin (0.75.1):
    - FlipperKit/Core
  - FlipperKit/SKIOSNetworkPlugin (0.75.1):
    - FlipperKit/Core
    - FlipperKit/FlipperKitNetworkPlugin
  - Folly (2020.01.13.00):
    - boost-for-react-native
    - DoubleConversion
    - Folly/Default (= 2020.01.13.00)
    - glog
  - Folly/Default (2020.01.13.00):
    - boost-for-react-native
    - DoubleConversion
    - glog
  - glog (0.3.5)
  - libevent (2.1.12)
  - OpenSSL-Universal (1.1.180)
  - RCTRequired (0.63.4)
  - RCTTypeSafety (0.63.4):
    - FBLazyVector (= 0.63.4)
    - Folly (= 2020.01.13.00)
    - RCTRequired (= 0.63.4)
    - React-Core (= 0.63.4)
  - React (0.63.4):
    - React-Core (= 0.63.4)
    - React-Core/DevSupport (= 0.63.4)
    - React-Core/RCTWebSocket (= 0.63.4)
    - React-RCTActionSheet (= 0.63.4)
    - React-RCTAnimation (= 0.63.4)
    - React-RCTBlob (= 0.63.4)
    - React-RCTImage (= 0.63.4)
    - React-RCTLinking (= 0.63.4)
    - React-RCTNetwork (= 0.63.4)
    - React-RCTSettings (= 0.63.4)
    - React-RCTText (= 0.63.4)
    - React-RCTVibration (= 0.63.4)
  - React-callinvoker (0.63.4)
  - React-Core (0.63.4):
    - Folly (= 2020.01.13.00)
    - glog
    - React-Core/Default (= 0.63.4)
    - React-cxxreact (= 0.63.4)
    - React-jsi (= 0.63.4)
    - React-jsiexecutor (= 0.63.4)
    - Yoga
  - React-Core/CoreModulesHeaders (0.63.4):
    - Folly (= 2020.01.13.00)
    - glog
    - React-Core/Default
    - React-cxxreact (= 0.63.4)
    - React-jsi (= 0.63.4)
    - React-jsiexecutor (= 0.63.4)
    - Yoga
  - React-Core/Default (0.63.4):
    - Folly (= 2020.01.13.00)
    - glog
    - React-cxxreact (= 0.63.4)
    - React-jsi (= 0.63.4)
    - React-jsiexecutor (= 0.63.4)
    - Yoga
  - React-Core/DevSupport (0.63.4):
    - Folly (= 2020.01.13.00)
    - glog
    - React-Core/Default (= 0.63.4)
    - React-Core/RCTWebSocket (= 0.63.4)
    - React-cxxreact (= 0.63.4)
    - React-jsi (= 0.63.4)
    - React-jsiexecutor (= 0.63.4)
    - React-jsinspector (= 0.63.4)
    - Yoga
  - React-Core/RCTActionSheetHeaders (0.63.4):
    - Folly (= 2020.01.13.00)
    - glog
    - React-Core/Default
    - React-cxxreact (= 0.63.4)
    - React-jsi (= 0.63.4)
    - React-jsiexecutor (= 0.63.4)
    - Yoga
  - React-Core/RCTAnimationHeaders (0.63.4):
    - Folly (= 2020.01.13.00)
    - glog
    - React-Core/Default
    - React-cxxreact (= 0.63.4)
    - React-jsi (= 0.63.4)
    - React-jsiexecutor (= 0.63.4)
    - Yoga
  - React-Core/RCTBlobHeaders (0.63.4):
    - Folly (= 2020.01.13.00)
    - glog
    - React-Core/Default
    - React-cxxreact (= 0.63.4)
    - React-jsi (= 0.63.4)
    - React-jsiexecutor (= 0.63.4)
    - Yoga
  - React-Core/RCTImageHeaders (0.63.4):
    - Folly (= 2020.01.13.00)
    - glog
    - React-Core/Default
    - React-cxxreact (= 0.63.4)
    - React-jsi (= 0.63.4)
    - React-jsiexecutor (= 0.63.4)
    - Yoga
  - React-Core/RCTLinkingHeaders (0.63.4):
    - Folly (= 2020.01.13.00)
    - glog
    - React-Core/Default
    - React-cxxreact (= 0.63.4)
    - React-jsi (= 0.63.4)
    - React-jsiexecutor (= 0.63.4)
    - Yoga
  - React-Core/RCTNetworkHeaders (0.63.4):
    - Folly (= 2020.01.13.00)
    - glog
    - React-Core/Default
    - React-cxxreact (= 0.63.4)
    - React-jsi (= 0.63.4)
    - React-jsiexecutor (= 0.63.4)
    - Yoga
  - React-Core/RCTSettingsHeaders (0.63.4):
    - Folly (= 2020.01.13.00)
    - glog
    - React-Core/Default
    - React-cxxreact (= 0.63.4)
    - React-jsi (= 0.63.4)
    - React-jsiexecutor (= 0.63.4)
    - Yoga
  - React-Core/RCTTextHeaders (0.63.4):
    - Folly (= 2020.01.13.00)
    - glog
    - React-Core/Default
    - React-cxxreact (= 0.63.4)
    - React-jsi (= 0.63.4)
    - React-jsiexecutor (= 0.63.4)
    - Yoga
  - React-Core/RCTVibrationHeaders (0.63.4):
    - Folly (= 2020.01.13.00)
    - glog
    - React-Core/Default
    - React-cxxreact (= 0.63.4)
    - React-jsi (= 0.63.4)
    - React-jsiexecutor (= 0.63.4)
    - Yoga
  - React-Core/RCTWebSocket (0.63.4):
    - Folly (= 2020.01.13.00)
    - glog
    - React-Core/Default (= 0.63.4)
    - React-cxxreact (= 0.63.4)
    - React-jsi (= 0.63.4)
    - React-jsiexecutor (= 0.63.4)
    - Yoga
  - React-CoreModules (0.63.4):
    - FBReactNativeSpec (= 0.63.4)
    - Folly (= 2020.01.13.00)
    - RCTTypeSafety (= 0.63.4)
    - React-Core/CoreModulesHeaders (= 0.63.4)
    - React-jsi (= 0.63.4)
    - React-RCTImage (= 0.63.4)
    - ReactCommon/turbomodule/core (= 0.63.4)
  - React-cxxreact (0.63.4):
    - boost-for-react-native (= 1.63.0)
    - DoubleConversion
    - Folly (= 2020.01.13.00)
    - glog
    - React-callinvoker (= 0.63.4)
    - React-jsinspector (= 0.63.4)
  - React-jsi (0.63.4):
    - boost-for-react-native (= 1.63.0)
    - DoubleConversion
    - Folly (= 2020.01.13.00)
    - glog
    - React-jsi/Default (= 0.63.4)
  - React-jsi/Default (0.63.4):
    - boost-for-react-native (= 1.63.0)
    - DoubleConversion
    - Folly (= 2020.01.13.00)
    - glog
  - React-jsiexecutor (0.63.4):
    - DoubleConversion
    - Folly (= 2020.01.13.00)
    - glog
    - React-cxxreact (= 0.63.4)
    - React-jsi (= 0.63.4)
  - React-jsinspector (0.63.4)
  - react-native-appearance (0.3.4):
    - React
  - react-native-flipper (0.80.0):
    - React-Core
  - react-native-pager-view (5.1.10):
    - React-Core
  - react-native-safe-area-context (3.2.0):
    - React-Core
  - React-RCTActionSheet (0.63.4):
    - React-Core/RCTActionSheetHeaders (= 0.63.4)
  - React-RCTAnimation (0.63.4):
    - FBReactNativeSpec (= 0.63.4)
    - Folly (= 2020.01.13.00)
    - RCTTypeSafety (= 0.63.4)
    - React-Core/RCTAnimationHeaders (= 0.63.4)
    - React-jsi (= 0.63.4)
    - ReactCommon/turbomodule/core (= 0.63.4)
  - React-RCTBlob (0.63.4):
    - FBReactNativeSpec (= 0.63.4)
    - Folly (= 2020.01.13.00)
    - React-Core/RCTBlobHeaders (= 0.63.4)
    - React-Core/RCTWebSocket (= 0.63.4)
    - React-jsi (= 0.63.4)
    - React-RCTNetwork (= 0.63.4)
    - ReactCommon/turbomodule/core (= 0.63.4)
  - React-RCTImage (0.63.4):
    - FBReactNativeSpec (= 0.63.4)
    - Folly (= 2020.01.13.00)
    - RCTTypeSafety (= 0.63.4)
    - React-Core/RCTImageHeaders (= 0.63.4)
    - React-jsi (= 0.63.4)
    - React-RCTNetwork (= 0.63.4)
    - ReactCommon/turbomodule/core (= 0.63.4)
  - React-RCTLinking (0.63.4):
    - FBReactNativeSpec (= 0.63.4)
    - React-Core/RCTLinkingHeaders (= 0.63.4)
    - React-jsi (= 0.63.4)
    - ReactCommon/turbomodule/core (= 0.63.4)
  - React-RCTNetwork (0.63.4):
    - FBReactNativeSpec (= 0.63.4)
    - Folly (= 2020.01.13.00)
    - RCTTypeSafety (= 0.63.4)
    - React-Core/RCTNetworkHeaders (= 0.63.4)
    - React-jsi (= 0.63.4)
    - ReactCommon/turbomodule/core (= 0.63.4)
  - React-RCTSettings (0.63.4):
    - FBReactNativeSpec (= 0.63.4)
    - Folly (= 2020.01.13.00)
    - RCTTypeSafety (= 0.63.4)
    - React-Core/RCTSettingsHeaders (= 0.63.4)
    - React-jsi (= 0.63.4)
    - ReactCommon/turbomodule/core (= 0.63.4)
  - React-RCTText (0.63.4):
    - React-Core/RCTTextHeaders (= 0.63.4)
  - React-RCTVibration (0.63.4):
    - FBReactNativeSpec (= 0.63.4)
    - Folly (= 2020.01.13.00)
    - React-Core/RCTVibrationHeaders (= 0.63.4)
    - React-jsi (= 0.63.4)
    - ReactCommon/turbomodule/core (= 0.63.4)
  - ReactCommon/turbomodule/core (0.63.4):
    - DoubleConversion
    - Folly (= 2020.01.13.00)
    - glog
    - React-callinvoker (= 0.63.4)
    - React-Core (= 0.63.4)
    - React-cxxreact (= 0.63.4)
    - React-jsi (= 0.63.4)
  - RNCAsyncStorage (1.15.5):
    - React-Core
  - RNCMaskedView (0.2.4):
    - React-Core
  - RNGestureHandler (1.10.3):
    - React-Core
  - RNReanimated (2.2.0):
    - DoubleConversion
    - FBLazyVector
    - FBReactNativeSpec
    - Folly
    - glog
    - RCTRequired
    - RCTTypeSafety
    - React
    - React-callinvoker
    - React-Core
    - React-Core/DevSupport
    - React-Core/RCTWebSocket
    - React-CoreModules
    - React-cxxreact
    - React-jsi
    - React-jsiexecutor
    - React-jsinspector
    - React-RCTActionSheet
    - React-RCTAnimation
    - React-RCTBlob
    - React-RCTImage
    - React-RCTLinking
    - React-RCTNetwork
    - React-RCTSettings
    - React-RCTText
    - React-RCTVibration
    - ReactCommon/turbomodule/core
    - Yoga
  - RNScreens (3.8.0):
    - React-Core
    - React-RCTImage
  - RNVectorIcons (8.1.0):
    - React-Core
  - UMAppLoader (2.1.0)
  - UMBarCodeScannerInterface (6.1.0):
    - UMCore
  - UMCameraInterface (6.1.0):
    - UMCore
  - UMConstantsInterface (6.1.0):
    - UMCore
  - UMCore (7.1.0)
  - UMFaceDetectorInterface (6.1.0)
  - UMFileSystemInterface (6.1.0)
  - UMFontInterface (6.1.0)
  - UMImageLoaderInterface (6.1.0)
  - UMPermissionsInterface (6.1.0):
    - UMCore
  - UMReactNativeAdapter (6.2.2):
    - React-Core
    - UMCore
    - UMFontInterface
  - UMSensorsInterface (6.1.0):
    - UMCore
  - UMTaskManagerInterface (6.1.0):
    - UMCore
  - Yoga (1.14.0)
  - YogaKit (1.18.1):
    - Yoga (~> 1.14)

DEPENDENCIES:
  - DoubleConversion (from `../../node_modules/react-native/third-party-podspecs/DoubleConversion.podspec`)
  - EXApplication (from `../../node_modules/expo-application/ios`)
  - EXBlur (from `../../node_modules/expo-blur/ios`)
  - EXConstants (from `../../node_modules/expo-constants/ios`)
  - EXErrorRecovery (from `../../node_modules/expo-error-recovery/ios`)
  - EXFileSystem (from `../../node_modules/expo-file-system/ios`)
  - EXFont (from `../../node_modules/expo-font/ios`)
  - EXImageLoader (from `../../node_modules/expo-image-loader/ios`)
  - EXKeepAwake (from `../../node_modules/expo-keep-awake/ios`)
  - EXPermissions (from `../../node_modules/expo-permissions/ios`)
  - EXSplashScreen (from `../../node_modules/expo-splash-screen/ios`)
  - EXStructuredHeaders (from `../../node_modules/expo-structured-headers/ios`)
  - EXUpdates (from `../../node_modules/expo-updates/ios`)
  - FBLazyVector (from `../../node_modules/react-native/Libraries/FBLazyVector`)
  - FBReactNativeSpec (from `../../node_modules/react-native/Libraries/FBReactNativeSpec`)
  - Flipper (= 0.75.1)
  - Flipper-DoubleConversion (= 1.1.7)
  - Flipper-Folly (= 2.5.3)
  - Flipper-Glog (= 0.3.6)
  - Flipper-PeerTalk (~> 0.0.4)
  - Flipper-RSocket (= 1.3.1)
  - FlipperKit (= 0.75.1)
  - FlipperKit/Core (= 0.75.1)
  - FlipperKit/CppBridge (= 0.75.1)
  - FlipperKit/FBCxxFollyDynamicConvert (= 0.75.1)
  - FlipperKit/FBDefines (= 0.75.1)
  - FlipperKit/FKPortForwarding (= 0.75.1)
  - FlipperKit/FlipperKitHighlightOverlay (= 0.75.1)
  - FlipperKit/FlipperKitLayoutPlugin (= 0.75.1)
  - FlipperKit/FlipperKitLayoutTextSearchable (= 0.75.1)
  - FlipperKit/FlipperKitNetworkPlugin (= 0.75.1)
  - FlipperKit/FlipperKitReactPlugin (= 0.75.1)
  - FlipperKit/FlipperKitUserDefaultsPlugin (= 0.75.1)
  - FlipperKit/SKIOSNetworkPlugin (= 0.75.1)
  - Folly (from `../../node_modules/react-native/third-party-podspecs/Folly.podspec`)
  - glog (from `../../node_modules/react-native/third-party-podspecs/glog.podspec`)
  - RCTRequired (from `../../node_modules/react-native/Libraries/RCTRequired`)
  - RCTTypeSafety (from `../../node_modules/react-native/Libraries/TypeSafety`)
  - React (from `../../node_modules/react-native/`)
  - React-callinvoker (from `../../node_modules/react-native/ReactCommon/callinvoker`)
  - React-Core (from `../../node_modules/react-native/`)
  - React-Core/DevSupport (from `../../node_modules/react-native/`)
  - React-Core/RCTWebSocket (from `../../node_modules/react-native/`)
  - React-CoreModules (from `../../node_modules/react-native/React/CoreModules`)
  - React-cxxreact (from `../../node_modules/react-native/ReactCommon/cxxreact`)
  - React-jsi (from `../../node_modules/react-native/ReactCommon/jsi`)
  - React-jsiexecutor (from `../../node_modules/react-native/ReactCommon/jsiexecutor`)
  - React-jsinspector (from `../../node_modules/react-native/ReactCommon/jsinspector`)
  - react-native-appearance (from `../../node_modules/react-native-appearance`)
  - react-native-flipper (from `../../node_modules/react-native-flipper`)
  - react-native-pager-view (from `../../node_modules/react-native-pager-view`)
  - react-native-safe-area-context (from `../../node_modules/react-native-safe-area-context`)
  - React-RCTActionSheet (from `../../node_modules/react-native/Libraries/ActionSheetIOS`)
  - React-RCTAnimation (from `../../node_modules/react-native/Libraries/NativeAnimation`)
  - React-RCTBlob (from `../../node_modules/react-native/Libraries/Blob`)
  - React-RCTImage (from `../../node_modules/react-native/Libraries/Image`)
  - React-RCTLinking (from `../../node_modules/react-native/Libraries/LinkingIOS`)
  - React-RCTNetwork (from `../../node_modules/react-native/Libraries/Network`)
  - React-RCTSettings (from `../../node_modules/react-native/Libraries/Settings`)
  - React-RCTText (from `../../node_modules/react-native/Libraries/Text`)
  - React-RCTVibration (from `../../node_modules/react-native/Libraries/Vibration`)
  - ReactCommon/turbomodule/core (from `../../node_modules/react-native/ReactCommon`)
  - "RNCAsyncStorage (from `../../node_modules/@react-native-async-storage/async-storage`)"
  - "RNCMaskedView (from `../../node_modules/@react-native-masked-view/masked-view`)"
  - RNGestureHandler (from `../../node_modules/react-native-gesture-handler`)
  - RNReanimated (from `../../node_modules/react-native-reanimated`)
  - RNScreens (from `../../node_modules/react-native-screens`)
  - RNVectorIcons (from `../../node_modules/react-native-vector-icons`)
  - UMAppLoader (from `../../node_modules/unimodules-app-loader/ios`)
  - UMBarCodeScannerInterface (from `../../node_modules/unimodules-barcode-scanner-interface/ios`)
  - UMCameraInterface (from `../../node_modules/unimodules-camera-interface/ios`)
  - UMConstantsInterface (from `../../node_modules/unimodules-constants-interface/ios`)
  - "UMCore (from `../../node_modules/@unimodules/core/ios`)"
  - UMFaceDetectorInterface (from `../../node_modules/unimodules-face-detector-interface/ios`)
  - UMFileSystemInterface (from `../../node_modules/unimodules-file-system-interface/ios`)
  - UMFontInterface (from `../../node_modules/unimodules-font-interface/ios`)
  - UMImageLoaderInterface (from `../../node_modules/unimodules-image-loader-interface/ios`)
  - UMPermissionsInterface (from `../../node_modules/unimodules-permissions-interface/ios`)
  - "UMReactNativeAdapter (from `../../node_modules/@unimodules/react-native-adapter/ios`)"
  - UMSensorsInterface (from `../../node_modules/unimodules-sensors-interface/ios`)
  - UMTaskManagerInterface (from `../../node_modules/unimodules-task-manager-interface/ios`)
  - Yoga (from `../../node_modules/react-native/ReactCommon/yoga`)

SPEC REPOS:
  trunk:
    - boost-for-react-native
    - CocoaAsyncSocket
    - Flipper
    - Flipper-DoubleConversion
    - Flipper-Folly
    - Flipper-Glog
    - Flipper-PeerTalk
    - Flipper-RSocket
    - FlipperKit
    - libevent
    - OpenSSL-Universal
    - YogaKit

EXTERNAL SOURCES:
  DoubleConversion:
    :podspec: "../../node_modules/react-native/third-party-podspecs/DoubleConversion.podspec"
  EXApplication:
    :path: "../../node_modules/expo-application/ios"
  EXBlur:
    :path: "../../node_modules/expo-blur/ios"
  EXConstants:
    :path: "../../node_modules/expo-constants/ios"
  EXErrorRecovery:
    :path: "../../node_modules/expo-error-recovery/ios"
  EXFileSystem:
    :path: "../../node_modules/expo-file-system/ios"
  EXFont:
    :path: "../../node_modules/expo-font/ios"
  EXImageLoader:
    :path: "../../node_modules/expo-image-loader/ios"
  EXKeepAwake:
    :path: "../../node_modules/expo-keep-awake/ios"
  EXPermissions:
    :path: "../../node_modules/expo-permissions/ios"
  EXSplashScreen:
    :path: "../../node_modules/expo-splash-screen/ios"
  EXStructuredHeaders:
    :path: "../../node_modules/expo-structured-headers/ios"
  EXUpdates:
    :path: "../../node_modules/expo-updates/ios"
  FBLazyVector:
    :path: "../../node_modules/react-native/Libraries/FBLazyVector"
  FBReactNativeSpec:
    :path: "../../node_modules/react-native/Libraries/FBReactNativeSpec"
  Folly:
    :podspec: "../../node_modules/react-native/third-party-podspecs/Folly.podspec"
  glog:
    :podspec: "../../node_modules/react-native/third-party-podspecs/glog.podspec"
  RCTRequired:
    :path: "../../node_modules/react-native/Libraries/RCTRequired"
  RCTTypeSafety:
    :path: "../../node_modules/react-native/Libraries/TypeSafety"
  React:
    :path: "../../node_modules/react-native/"
  React-callinvoker:
    :path: "../../node_modules/react-native/ReactCommon/callinvoker"
  React-Core:
    :path: "../../node_modules/react-native/"
  React-CoreModules:
    :path: "../../node_modules/react-native/React/CoreModules"
  React-cxxreact:
    :path: "../../node_modules/react-native/ReactCommon/cxxreact"
  React-jsi:
    :path: "../../node_modules/react-native/ReactCommon/jsi"
  React-jsiexecutor:
    :path: "../../node_modules/react-native/ReactCommon/jsiexecutor"
  React-jsinspector:
    :path: "../../node_modules/react-native/ReactCommon/jsinspector"
  react-native-appearance:
    :path: "../../node_modules/react-native-appearance"
  react-native-flipper:
    :path: "../../node_modules/react-native-flipper"
  react-native-pager-view:
    :path: "../../node_modules/react-native-pager-view"
  react-native-safe-area-context:
    :path: "../../node_modules/react-native-safe-area-context"
  React-RCTActionSheet:
    :path: "../../node_modules/react-native/Libraries/ActionSheetIOS"
  React-RCTAnimation:
    :path: "../../node_modules/react-native/Libraries/NativeAnimation"
  React-RCTBlob:
    :path: "../../node_modules/react-native/Libraries/Blob"
  React-RCTImage:
    :path: "../../node_modules/react-native/Libraries/Image"
  React-RCTLinking:
    :path: "../../node_modules/react-native/Libraries/LinkingIOS"
  React-RCTNetwork:
    :path: "../../node_modules/react-native/Libraries/Network"
  React-RCTSettings:
    :path: "../../node_modules/react-native/Libraries/Settings"
  React-RCTText:
    :path: "../../node_modules/react-native/Libraries/Text"
  React-RCTVibration:
    :path: "../../node_modules/react-native/Libraries/Vibration"
  ReactCommon:
    :path: "../../node_modules/react-native/ReactCommon"
  RNCAsyncStorage:
    :path: "../../node_modules/@react-native-async-storage/async-storage"
  RNCMaskedView:
    :path: "../../node_modules/@react-native-masked-view/masked-view"
  RNGestureHandler:
    :path: "../../node_modules/react-native-gesture-handler"
  RNReanimated:
    :path: "../../node_modules/react-native-reanimated"
  RNScreens:
    :path: "../../node_modules/react-native-screens"
  RNVectorIcons:
    :path: "../../node_modules/react-native-vector-icons"
  UMAppLoader:
    :path: "../../node_modules/unimodules-app-loader/ios"
  UMBarCodeScannerInterface:
    :path: "../../node_modules/unimodules-barcode-scanner-interface/ios"
  UMCameraInterface:
    :path: "../../node_modules/unimodules-camera-interface/ios"
  UMConstantsInterface:
    :path: "../../node_modules/unimodules-constants-interface/ios"
  UMCore:
    :path: "../../node_modules/@unimodules/core/ios"
  UMFaceDetectorInterface:
    :path: "../../node_modules/unimodules-face-detector-interface/ios"
  UMFileSystemInterface:
    :path: "../../node_modules/unimodules-file-system-interface/ios"
  UMFontInterface:
    :path: "../../node_modules/unimodules-font-interface/ios"
  UMImageLoaderInterface:
    :path: "../../node_modules/unimodules-image-loader-interface/ios"
  UMPermissionsInterface:
    :path: "../../node_modules/unimodules-permissions-interface/ios"
  UMReactNativeAdapter:
    :path: "../../node_modules/@unimodules/react-native-adapter/ios"
  UMSensorsInterface:
    :path: "../../node_modules/unimodules-sensors-interface/ios"
  UMTaskManagerInterface:
    :path: "../../node_modules/unimodules-task-manager-interface/ios"
  Yoga:
    :path: "../../node_modules/react-native/ReactCommon/yoga"

SPEC CHECKSUMS:
  boost-for-react-native: 39c7adb57c4e60d6c5479dd8623128eb5b3f0f2c
  CocoaAsyncSocket: 065fd1e645c7abab64f7a6a2007a48038fdc6a99
  DoubleConversion: cde416483dac037923206447da6e1454df403714
  EXApplication: 4797b8b37f0b0470f587fdccf6407f44b50d18b5
  EXBlur: 50d490040f3b14898ed8198d5125dc699189f4d9
  EXConstants: c4dd28acc12039c999612507a5f935556f2c86ce
  EXErrorRecovery: 720641265b8cf95e6cdeb1884ac38e794a352488
  EXFileSystem: dcf2273f49431e5037347c733a2dc5d08e0d0a9e
  EXFont: d6fb79f9863120f0d0b26b0c2d1453bc9511e9df
  EXImageLoader: da941c9399e01ec28f2d5b270bdd21f2c8ca596c
  EXKeepAwake: d4e4a3ed8c1c4fd940dd62fc5a8be2a190371fd4
  EXPermissions: 8f8c1c05580c4e02d4ee2c8dd74bfe173ff6a723
  EXSplashScreen: a9baaf4fa866003884c90ba049f18760d6a8ce39
  EXStructuredHeaders: be834496a4d9fd0069cd12ec1cc57b31c6d3b256
  EXUpdates: efe0e8c514dcff06a8fd0b63be6019a6365fb9c7
  FBLazyVector: 3bb422f41b18121b71783a905c10e58606f7dc3e
  FBReactNativeSpec: f2c97f2529dd79c083355182cc158c9f98f4bd6e
  Flipper: d3da1aa199aad94455ae725e9f3aa43f3ec17021
  Flipper-DoubleConversion: 38631e41ef4f9b12861c67d17cb5518d06badc41
  Flipper-Folly: 755929a4f851b2fb2c347d533a23f191b008554c
  Flipper-Glog: 1dfd6abf1e922806c52ceb8701a3599a79a200a6
  Flipper-PeerTalk: 116d8f857dc6ef55c7a5a75ea3ceaafe878aadc9
  Flipper-RSocket: 127954abe8b162fcaf68d2134d34dc2bd7076154
  FlipperKit: 8a20b5c5fcf9436cac58551dc049867247f64b00
  Folly: b73c3869541e86821df3c387eb0af5f65addfab4
  glog: 40a13f7840415b9a77023fbcae0f1e6f43192af3
  libevent: 4049cae6c81cdb3654a443be001fb9bdceff7913
  OpenSSL-Universal: 1aa4f6a6ee7256b83db99ec1ccdaa80d10f9af9b
  RCTRequired: 082f10cd3f905d6c124597fd1c14f6f2655ff65e
  RCTTypeSafety: 8c9c544ecbf20337d069e4ae7fd9a377aadf504b
  React: b0a957a2c44da4113b0c4c9853d8387f8e64e615
  React-callinvoker: c3f44dd3cb195b6aa46621fff95ded79d59043fe
  React-Core: d3b2a1ac9a2c13c3bcde712d9281fc1c8a5b315b
  React-CoreModules: 0581ff36cb797da0943d424f69e7098e43e9be60
  React-cxxreact: c1480d4fda5720086c90df537ee7d285d4c57ac3
  React-jsi: a0418934cf48f25b485631deb27c64dc40fb4c31
  React-jsiexecutor: 93bd528844ad21dc07aab1c67cb10abae6df6949
  React-jsinspector: 58aef7155bc9a9683f5b60b35eccea8722a4f53a
  react-native-appearance: 0f0e5fc2fcef70e03d48c8fe6b00b9158c2ba8aa
  react-native-flipper: 5a9d5959364fca6a8a9658d941343774cb197857
  react-native-pager-view: 967d50ce0f1b72e434a2d9f3b739ddbf7d5bbf83
  react-native-safe-area-context: f0906bf8bc9835ac9a9d3f97e8bde2a997d8da79
  React-RCTActionSheet: 89a0ca9f4a06c1f93c26067af074ccdce0f40336
  React-RCTAnimation: 1bde3ecc0c104c55df246eda516e0deb03c4e49b
  React-RCTBlob: a97d378b527740cc667e03ebfa183a75231ab0f0
  React-RCTImage: c1b1f2d3f43a4a528c8946d6092384b5c880d2f0
  React-RCTLinking: 35ae4ab9dc0410d1fcbdce4d7623194a27214fb2
  React-RCTNetwork: 29ec2696f8d8cfff7331fac83d3e893c95ef43ae
  React-RCTSettings: 60f0691bba2074ef394f95d4c2265ec284e0a46a
  React-RCTText: 5c51df3f08cb9dedc6e790161195d12bac06101c
  React-RCTVibration: ae4f914cfe8de7d4de95ae1ea6cc8f6315d73d9d
  ReactCommon: 73d79c7039f473b76db6ff7c6b159c478acbbb3b
  RNCAsyncStorage: 56a3355a10b5d660c48c6e37325ac85ebfd09885
  RNCMaskedView: fc29d354a40316a990e8fb46391f08aea829c3aa
  RNGestureHandler: a479ebd5ed4221a810967000735517df0d2db211
  RNReanimated: d9da990fc90123f4ffbfdda93d00fc15174863a8
  RNScreens: 6e1ea5787989f92b0671049b808aef64fa1ef98c
  RNVectorIcons: 31cebfcf94e8cf8686eb5303ae0357da64d7a5a4
  UMAppLoader: fe2708bb0ac5cd70052bc207d06aa3b7e72b9e97
  UMBarCodeScannerInterface: 79f92bea5f7af39b381a4c82298105ceb537408a
  UMCameraInterface: 81ff46700da88435f17afedfc88915eaede7e6a6
  UMConstantsInterface: bb94dd46039dcde276ed50225b29e22785e604bf
  UMCore: 60b35f4d217461f7b54934b0c5be67442871f01f
  UMFaceDetectorInterface: 791eec55ffca1171992976b7eceb73e69e391c58
  UMFileSystemInterface: f72245e90ce78fa6427180ff0b0904ead13d8161
  UMFontInterface: 5843cff7db85a42ba629aaac53d33091c35524d3
  UMImageLoaderInterface: 9ddffeb644b3f45d4eb0c2f51a2fd95fd5c8d1a4
  UMPermissionsInterface: 40b72935a7d12a3f60dc6b7bb99ce47908380cb1
  UMReactNativeAdapter: 65ada852a648fcb6674acfbfe72ccb095f2f5b75
  UMSensorsInterface: a5e9db661e5d9ae214762033d725989880ae6993
  UMTaskManagerInterface: 203c11259d2699b5b3a4eda4adbc466f5cb5c561
  Yoga: 4bd86afe9883422a7c4028c00e34790f560923d6
  YogaKit: f782866e155069a2cca2517aafea43200b01fd5a

PODFILE CHECKSUM: 2c3d94c1b025513190941d1be8ffd9e8c66d83d2

COCOAPODS: 1.11.2
